
Microsoft Visual Studio Solution File, Format Version 12.00
# Visual Studio 15
VisualStudioVersion = 15.0.27428.2027
MinimumVisualStudioVersion = 10.0.40219.1
Project("{FAE04EC0-301F-11D3-BF4B-00C04F79EFBC}") = "prbd_1718_presences_g27", "prbd_1718_presences_g27\prbd_1718_presences_g27.csproj", "{5080045E-0165-4CC8-98B8-71E72962BA1D}"
EndProject
Project("{FAE04EC0-301F-11D3-BF4B-00C04F79EFBC}") = "PRBD_Framework", "PRBD_Framework\PRBD_Framework.csproj", "{2E922430-EAAC-4589-A8F4-F35FBB9799B8}"
EndProject
Global
	GlobalSection(SolutionConfigurationPlatforms) = preSolution
		Debug|Any CPU = Debug|Any CPU
		Release|Any CPU = Release|Any CPU
	EndGlobalSection
	GlobalSection(ProjectConfigurationPlatforms) = postSolution
		{5080045E-0165-4CC8-98B8-71E72962BA1D}.Debug|Any CPU.ActiveCfg = Debug|Any CPU
		{5080045E-0165-4CC8-98B8-71E72962BA1D}.Debug|Any CPU.Build.0 = Debug|Any CPU
		{5080045E-0165-4CC8-98B8-71E72962BA1D}.Release|Any CPU.ActiveCfg = Release|Any CPU
		{5080045E-0165-4CC8-98B8-71E72962BA1D}.Release|Any CPU.Build.0 = Release|Any CPU
		{2E922430-EAAC-4589-A8F4-F35FBB9799B8}.Debug|Any CPU.ActiveCfg = Debug|Any CPU
		{2E922430-EAAC-4589-A8F4-F35FBB9799B8}.Debug|Any CPU.Build.0 = Debug|Any CPU
		{2E922430-EAAC-4589-A8F4-F35FBB9799B8}.Release|Any CPU.ActiveCfg = Release|Any CPU
		{2E922430-EAAC-4589-A8F4-F35FBB9799B8}.Release|Any CPU.Build.0 = Release|Any CPU
	EndGlobalSection
	GlobalSection(SolutionProperties) = preSolution
		HideSolutionNode = FALSE
	EndGlobalSection
	GlobalSection(ExtensibilityGlobals) = postSolution
		SolutionGuid = {74A67EB1-5226-4302-9BE8-7E2956B474C6}
	EndGlobalSection
EndGlobal
